
Microsoft Visual Studio Solution File, Format Version 12.00
# Visual Studio 2017
Project("{FAE04EC0-301F-11D3-BF4B-00C04F79EFBC}") = "3d.Plugins", "3d.Plugins.csproj", "{21C41E7C-A6EB-AB2A-0022-C8CA94429603}"
EndProject
Project("{FAE04EC0-301F-11D3-BF4B-00C04F79EFBC}") = "3d.Editor.Plugins", "3d.Editor.Plugins.csproj", "{3284F9C2-AFFD-B5B9-B02E-20233DE7BBDB}"
EndProject
Global
	GlobalSection(SolutionConfigurationPlatforms) = preSolution
		Debug|Any CPU = Debug|Any CPU
		Release|Any CPU = Release|Any CPU
	EndGlobalSection
	GlobalSection(ProjectConfigurationPlatforms) = postSolution
		{21C41E7C-A6EB-AB2A-0022-C8CA94429603}.Debug|Any CPU.ActiveCfg = Debug|Any CPU
		{21C41E7C-A6EB-AB2A-0022-C8CA94429603}.Debug|Any CPU.Build.0 = Debug|Any CPU
		{21C41E7C-A6EB-AB2A-0022-C8CA94429603}.Release|Any CPU.ActiveCfg = Release|Any CPU
		{21C41E7C-A6EB-AB2A-0022-C8CA94429603}.Release|Any CPU.Build.0 = Release|Any CPU
		{3284F9C2-AFFD-B5B9-B02E-20233DE7BBDB}.Debug|Any CPU.ActiveCfg = Debug|Any CPU
		{3284F9C2-AFFD-B5B9-B02E-20233DE7BBDB}.Debug|Any CPU.Build.0 = Debug|Any CPU
		{3284F9C2-AFFD-B5B9-B02E-20233DE7BBDB}.Release|Any CPU.ActiveCfg = Release|Any CPU
		{3284F9C2-AFFD-B5B9-B02E-20233DE7BBDB}.Release|Any CPU.Build.0 = Release|Any CPU
	EndGlobalSection
	GlobalSection(SolutionProperties) = preSolution
		HideSolutionNode = FALSE
	EndGlobalSection
EndGlobal
